
Microsoft Visual Studio Solution File, Format Version 12.00
# Visual Studio Version 17
VisualStudioVersion = 17.7.34031.279
MinimumVisualStudioVersion = 10.0.40219.1
Project("{9A19103F-16F7-4668-BE54-9A1E7A4F7556}") = "Geo_Back", "Geo_Back\Geo_Back.csproj", "{1E793AC3-CA9E-4335-9E36-6DBB85EC5979}"
EndProject
Project("{E53339B2-1760-4266-BCC7-CA923CBCF16C}") = "docker-compose", "docker-compose.dcproj", "{8FEF8DE7-C73A-41FF-A253-DD7F08C1EE6E}"
EndProject
Global
	GlobalSection(SolutionConfigurationPlatforms) = preSolution
		Debug|Any CPU = Debug|Any CPU
		Release|Any CPU = Release|Any CPU
	EndGlobalSection
	GlobalSection(ProjectConfigurationPlatforms) = postSolution
		{1E793AC3-CA9E-4335-9E36-6DBB85EC5979}.Debug|Any CPU.ActiveCfg = Debug|Any CPU
		{1E793AC3-CA9E-4335-9E36-6DBB85EC5979}.Debug|Any CPU.Build.0 = Debug|Any CPU
		{1E793AC3-CA9E-4335-9E36-6DBB85EC5979}.Release|Any CPU.ActiveCfg = Release|Any CPU
		{1E793AC3-CA9E-4335-9E36-6DBB85EC5979}.Release|Any CPU.Build.0 = Release|Any CPU
		{8FEF8DE7-C73A-41FF-A253-DD7F08C1EE6E}.Debug|Any CPU.ActiveCfg = Debug|Any CPU
		{8FEF8DE7-C73A-41FF-A253-DD7F08C1EE6E}.Debug|Any CPU.Build.0 = Debug|Any CPU
		{8FEF8DE7-C73A-41FF-A253-DD7F08C1EE6E}.Release|Any CPU.ActiveCfg = Release|Any CPU
		{8FEF8DE7-C73A-41FF-A253-DD7F08C1EE6E}.Release|Any CPU.Build.0 = Release|Any CPU
	EndGlobalSection
	GlobalSection(SolutionProperties) = preSolution
		HideSolutionNode = FALSE
	EndGlobalSection
	GlobalSection(ExtensibilityGlobals) = postSolution
		SolutionGuid = {7173C181-23D1-4FC6-B107-B45294CEFF93}
	EndGlobalSection
EndGlobal
